// !$*UTF8*$!
{
	archiveVersion = 1;
	classes = {
	};
	objectVersion = 55;
	objects = {

/* Begin PBXBuildFile section */
		9DB75B020C1C8706FFED465B /* Pods_MiniWordle.framework in Frameworks */ = {isa = PBXBuildFile; fileRef = E956B3E3F859B9B60851967D /* Pods_MiniWordle.framework */; };
		E21652F228698A9600DEE64F /* UIColor+Extensions.swift in Sources */ = {isa = PBXBuildFile; fileRef = E21652F128698A9600DEE64F /* UIColor+Extensions.swift */; };
		E21652F42869955100DEE64F /* NetworkManager.swift in Sources */ = {isa = PBXBuildFile; fileRef = E21652F32869955100DEE64F /* NetworkManager.swift */; };
		E21652F6286995B700DEE64F /* NetworkService.swift in Sources */ = {isa = PBXBuildFile; fileRef = E21652F5286995B700DEE64F /* NetworkService.swift */; };
		E21652F82869990500DEE64F /* WordleRestUtility.swift in Sources */ = {isa = PBXBuildFile; fileRef = E21652F72869990500DEE64F /* WordleRestUtility.swift */; };
		E21652FA28699BAF00DEE64F /* WordleResultModel.swift in Sources */ = {isa = PBXBuildFile; fileRef = E21652F928699BAF00DEE64F /* WordleResultModel.swift */; };
		E21652FC2869A5E300DEE64F /* WordDefinitionModel.swift in Sources */ = {isa = PBXBuildFile; fileRef = E21652FB2869A5E300DEE64F /* WordDefinitionModel.swift */; };
		E2A4B88B2868767D0028938E /* UIStackView+Extensions.swift in Sources */ = {isa = PBXBuildFile; fileRef = E2A4B88A2868767D0028938E /* UIStackView+Extensions.swift */; };
		E2EB4F4B28682935007FA5E6 /* MultiWordleInputView.swift in Sources */ = {isa = PBXBuildFile; fileRef = E2EB4F4A28682935007FA5E6 /* MultiWordleInputView.swift */; };
		E2EC2AFE286954C200025C18 /* WordleEnum.swift in Sources */ = {isa = PBXBuildFile; fileRef = E2EC2AFD286954C200025C18 /* WordleEnum.swift */; };
		E2F051F22866EBEF00561D8A /* AppDelegate.swift in Sources */ = {isa = PBXBuildFile; fileRef = E2F051F12866EBEF00561D8A /* AppDelegate.swift */; };
		E2F051FB2866EBF100561D8A /* Assets.xcassets in Resources */ = {isa = PBXBuildFile; fileRef = E2F051FA2866EBF100561D8A /* Assets.xcassets */; };
		E2F051FE2866EBF100561D8A /* LaunchScreen.storyboard in Resources */ = {isa = PBXBuildFile; fileRef = E2F051FC2866EBF100561D8A /* LaunchScreen.storyboard */; };
		E2F0520B2866EDBE00561D8A /* HomeViewController.swift in Sources */ = {isa = PBXBuildFile; fileRef = E2F0520A2866EDBE00561D8A /* HomeViewController.swift */; };
		E2F0520F2866EDD800561D8A /* HomeViewModel.swift in Sources */ = {isa = PBXBuildFile; fileRef = E2F0520E2866EDD800561D8A /* HomeViewModel.swift */; };
		E2F052122866EE5F00561D8A /* Number+Extensions.swift in Sources */ = {isa = PBXBuildFile; fileRef = E2F052112866EE5F00561D8A /* Number+Extensions.swift */; };
		E2F0521C2866EF8B00561D8A /* UIViewController+Extensions.swift in Sources */ = {isa = PBXBuildFile; fileRef = E2F0521B2866EF8B00561D8A /* UIViewController+Extensions.swift */; };
		E2F0521E2866EFBD00561D8A /* UIApplication+Extensions.swift in Sources */ = {isa = PBXBuildFile; fileRef = E2F0521D2866EFBD00561D8A /* UIApplication+Extensions.swift */; };
		E2F052262866F68000561D8A /* Utils.swift in Sources */ = {isa = PBXBuildFile; fileRef = E2F052252866F68000561D8A /* Utils.swift */; };
		E2F0522A28670B0000561D8A /* WordleInputView.swift in Sources */ = {isa = PBXBuildFile; fileRef = E2F0522928670B0000561D8A /* WordleInputView.swift */; };
/* End PBXBuildFile section */

/* Begin PBXFileReference section */
		D79A7FD85A57BDEB31BCF8D7 /* Pods-MiniWordle.release.xcconfig */ = {isa = PBXFileReference; includeInIndex = 1; lastKnownFileType = text.xcconfig; name = "Pods-MiniWordle.release.xcconfig"; path = "Target Support Files/Pods-MiniWordle/Pods-MiniWordle.release.xcconfig"; sourceTree = "<group>"; };
		E21652F128698A9600DEE64F /* UIColor+Extensions.swift */ = {isa = PBXFileReference; lastKnownFileType = sourcecode.swift; path = "UIColor+Extensions.swift"; sourceTree = "<group>"; };
		E21652F32869955100DEE64F /* NetworkManager.swift */ = {isa = PBXFileReference; lastKnownFileType = sourcecode.swift; path = NetworkManager.swift; sourceTree = "<group>"; };
		E21652F5286995B700DEE64F /* NetworkService.swift */ = {isa = PBXFileReference; lastKnownFileType = sourcecode.swift; path = NetworkService.swift; sourceTree = "<group>"; };
		E21652F72869990500DEE64F /* WordleRestUtility.swift */ = {isa = PBXFileReference; lastKnownFileType = sourcecode.swift; path = WordleRestUtility.swift; sourceTree = "<group>"; };
		E21652F928699BAF00DEE64F /* WordleResultModel.swift */ = {isa = PBXFileReference; lastKnownFileType = sourcecode.swift; path = WordleResultModel.swift; sourceTree = "<group>"; };
		E21652FB2869A5E300DEE64F /* WordDefinitionModel.swift */ = {isa = PBXFileReference; lastKnownFileType = sourcecode.swift; path = WordDefinitionModel.swift; sourceTree = "<group>"; };
		E2A4B88A2868767D0028938E /* UIStackView+Extensions.swift */ = {isa = PBXFileReference; lastKnownFileType = sourcecode.swift; path = "UIStackView+Extensions.swift"; sourceTree = "<group>"; };
		E2EB4F4A28682935007FA5E6 /* MultiWordleInputView.swift */ = {isa = PBXFileReference; lastKnownFileType = sourcecode.swift; path = MultiWordleInputView.swift; sourceTree = "<group>"; };
		E2EC2AFD286954C200025C18 /* WordleEnum.swift */ = {isa = PBXFileReference; lastKnownFileType = sourcecode.swift; path = WordleEnum.swift; sourceTree = "<group>"; };
		E2F051EE2866EBEF00561D8A /* MiniWordle.app */ = {isa = PBXFileReference; explicitFileType = wrapper.application; includeInIndex = 0; path = MiniWordle.app; sourceTree = BUILT_PRODUCTS_DIR; };
		E2F051F12866EBEF00561D8A /* AppDelegate.swift */ = {isa = PBXFileReference; lastKnownFileType = sourcecode.swift; path = AppDelegate.swift; sourceTree = "<group>"; };
		E2F051FA2866EBF100561D8A /* Assets.xcassets */ = {isa = PBXFileReference; lastKnownFileType = folder.assetcatalog; path = Assets.xcassets; sourceTree = "<group>"; };
		E2F051FD2866EBF100561D8A /* Base */ = {isa = PBXFileReference; lastKnownFileType = file.storyboard; name = Base; path = Base.lproj/LaunchScreen.storyboard; sourceTree = "<group>"; };
		E2F051FF2866EBF100561D8A /* Info.plist */ = {isa = PBXFileReference; lastKnownFileType = text.plist.xml; path = Info.plist; sourceTree = "<group>"; };
		E2F0520A2866EDBE00561D8A /* HomeViewController.swift */ = {isa = PBXFileReference; lastKnownFileType = sourcecode.swift; path = HomeViewController.swift; sourceTree = "<group>"; };
		E2F0520E2866EDD800561D8A /* HomeViewModel.swift */ = {isa = PBXFileReference; lastKnownFileType = sourcecode.swift; path = HomeViewModel.swift; sourceTree = "<group>"; };
		E2F052112866EE5F00561D8A /* Number+Extensions.swift */ = {isa = PBXFileReference; fileEncoding = 4; lastKnownFileType = sourcecode.swift; path = "Number+Extensions.swift"; sourceTree = "<group>"; };
		E2F0521B2866EF8B00561D8A /* UIViewController+Extensions.swift */ = {isa = PBXFileReference; fileEncoding = 4; lastKnownFileType = sourcecode.swift; path = "UIViewController+Extensions.swift"; sourceTree = "<group>"; };
		E2F0521D2866EFBD00561D8A /* UIApplication+Extensions.swift */ = {isa = PBXFileReference; fileEncoding = 4; lastKnownFileType = sourcecode.swift; path = "UIApplication+Extensions.swift"; sourceTree = "<group>"; };
		E2F052252866F68000561D8A /* Utils.swift */ = {isa = PBXFileReference; fileEncoding = 4; lastKnownFileType = sourcecode.swift; path = Utils.swift; sourceTree = "<group>"; };
		E2F0522928670B0000561D8A /* WordleInputView.swift */ = {isa = PBXFileReference; lastKnownFileType = sourcecode.swift; path = WordleInputView.swift; sourceTree = "<group>"; };
		E956B3E3F859B9B60851967D /* Pods_MiniWordle.framework */ = {isa = PBXFileReference; explicitFileType = wrapper.framework; includeInIndex = 0; path = Pods_MiniWordle.framework; sourceTree = BUILT_PRODUCTS_DIR; };
		F87F2C8E628C61A415E15A7C /* Pods-MiniWordle.debug.xcconfig */ = {isa = PBXFileReference; includeInIndex = 1; lastKnownFileType = text.xcconfig; name = "Pods-MiniWordle.debug.xcconfig"; path = "Target Support Files/Pods-MiniWordle/Pods-MiniWordle.debug.xcconfig"; sourceTree = "<group>"; };
/* End PBXFileReference section */

/* Begin PBXFrameworksBuildPhase section */
		E2F051EB2866EBEF00561D8A /* Frameworks */ = {
			isa = PBXFrameworksBuildPhase;
			buildActionMask = 2147483647;
			files = (
				9DB75B020C1C8706FFED465B /* Pods_MiniWordle.framework in Frameworks */,
			);
			runOnlyForDeploymentPostprocessing = 0;
		};
/* End PBXFrameworksBuildPhase section */

/* Begin PBXGroup section */
		72592FA2B38927EA42F3329B /* Pods */ = {
			isa = PBXGroup;
			children = (
				F87F2C8E628C61A415E15A7C /* Pods-MiniWordle.debug.xcconfig */,
				D79A7FD85A57BDEB31BCF8D7 /* Pods-MiniWordle.release.xcconfig */,
			);
			path = Pods;
			sourceTree = "<group>";
		};
		746FC2074F911A246271107B /* Frameworks */ = {
			isa = PBXGroup;
			children = (
				E956B3E3F859B9B60851967D /* Pods_MiniWordle.framework */,
			);
			name = Frameworks;
			sourceTree = "<group>";
		};
		E2EC2AFC286954A900025C18 /* Enums */ = {
			isa = PBXGroup;
			children = (
				E2EC2AFD286954C200025C18 /* WordleEnum.swift */,
			);
			path = Enums;
			sourceTree = "<group>";
		};
		E2F051E52866EBEF00561D8A = {
			isa = PBXGroup;
			children = (
				E2F051F02866EBEF00561D8A /* MiniWordle */,
				E2F051EF2866EBEF00561D8A /* Products */,
				72592FA2B38927EA42F3329B /* Pods */,
				746FC2074F911A246271107B /* Frameworks */,
			);
			sourceTree = "<group>";
		};
		E2F051EF2866EBEF00561D8A /* Products */ = {
			isa = PBXGroup;
			children = (
				E2F051EE2866EBEF00561D8A /* MiniWordle.app */,
			);
			name = Products;
			sourceTree = "<group>";
		};
		E2F051F02866EBEF00561D8A /* MiniWordle */ = {
			isa = PBXGroup;
			children = (
				E2F052052866ED6600561D8A /* App */,
				E2F052242866F66800561D8A /* Utils */,
				E2EC2AFC286954A900025C18 /* Enums */,
				E2F052062866ED7F00561D8A /* Modules */,
				E2F052102866EE3A00561D8A /* Networking */,
				E2F052202866F1CD00561D8A /* Commons */,
				E2F052072866ED8700561D8A /* Extensions */,
				E2F051FA2866EBF100561D8A /* Assets.xcassets */,
				E2F051FC2866EBF100561D8A /* LaunchScreen.storyboard */,
				E2F051FF2866EBF100561D8A /* Info.plist */,
			);
			path = MiniWordle;
			sourceTree = "<group>";
		};
		E2F052052866ED6600561D8A /* App */ = {
			isa = PBXGroup;
			children = (
				E2F051F12866EBEF00561D8A /* AppDelegate.swift */,
			);
			path = App;
			sourceTree = "<group>";
		};
		E2F052062866ED7F00561D8A /* Modules */ = {
			isa = PBXGroup;
			children = (
				E2F052082866ED9300561D8A /* Home */,
			);
			path = Modules;
			sourceTree = "<group>";
		};
		E2F052072866ED8700561D8A /* Extensions */ = {
			isa = PBXGroup;
			children = (
				E21652F128698A9600DEE64F /* UIColor+Extensions.swift */,
				E2F052112866EE5F00561D8A /* Number+Extensions.swift */,
				E2A4B88A2868767D0028938E /* UIStackView+Extensions.swift */,
				E2F0521D2866EFBD00561D8A /* UIApplication+Extensions.swift */,
				E2F0521B2866EF8B00561D8A /* UIViewController+Extensions.swift */,
			);
			path = Extensions;
			sourceTree = "<group>";
		};
		E2F052082866ED9300561D8A /* Home */ = {
			isa = PBXGroup;
			children = (
				E2F052132866EE8100561D8A /* Models */,
				E2F0520C2866EDC300561D8A /* Controllers */,
				E2F0520D2866EDCB00561D8A /* ViewModels */,
			);
			path = Home;
			sourceTree = "<group>";
		};
		E2F0520C2866EDC300561D8A /* Controllers */ = {
			isa = PBXGroup;
			children = (
				E2F0520A2866EDBE00561D8A /* HomeViewController.swift */,
			);
			path = Controllers;
			sourceTree = "<group>";
		};
		E2F0520D2866EDCB00561D8A /* ViewModels */ = {
			isa = PBXGroup;
			children = (
				E2F0520E2866EDD800561D8A /* HomeViewModel.swift */,
			);
			path = ViewModels;
			sourceTree = "<group>";
		};
		E2F052102866EE3A00561D8A /* Networking */ = {
			isa = PBXGroup;
			children = (
				E21652F5286995B700DEE64F /* NetworkService.swift */,
				E21652F32869955100DEE64F /* NetworkManager.swift */,
				E21652F72869990500DEE64F /* WordleRestUtility.swift */,
			);
			path = Networking;
			sourceTree = "<group>";
		};
		E2F052132866EE8100561D8A /* Models */ = {
			isa = PBXGroup;
			children = (
				E21652F928699BAF00DEE64F /* WordleResultModel.swift */,
				E21652FB2869A5E300DEE64F /* WordDefinitionModel.swift */,
			);
			path = Models;
			sourceTree = "<group>";
		};
		E2F052202866F1CD00561D8A /* Commons */ = {
			isa = PBXGroup;
			children = (
				E2F052212866F23000561D8A /* CustomViews */,
			);
			path = Commons;
			sourceTree = "<group>";
		};
		E2F052212866F23000561D8A /* CustomViews */ = {
			isa = PBXGroup;
			children = (
				E2F0522928670B0000561D8A /* WordleInputView.swift */,
				E2EB4F4A28682935007FA5E6 /* MultiWordleInputView.swift */,
			);
			path = CustomViews;
			sourceTree = "<group>";
		};
		E2F052242866F66800561D8A /* Utils */ = {
			isa = PBXGroup;
			children = (
				E2F052252866F68000561D8A /* Utils.swift */,
			);
			path = Utils;
			sourceTree = "<group>";
		};
/* End PBXGroup section */

/* Begin PBXNativeTarget section */
		E2F051ED2866EBEF00561D8A /* MiniWordle */ = {
			isa = PBXNativeTarget;
			buildConfigurationList = E2F052022866EBF100561D8A /* Build configuration list for PBXNativeTarget "MiniWordle" */;
			buildPhases = (
				9E1B55BCF1B3F215211102E4 /* [CP] Check Pods Manifest.lock */,
				E2F051EA2866EBEF00561D8A /* Sources */,
				E2F051EB2866EBEF00561D8A /* Frameworks */,
				E2F051EC2866EBEF00561D8A /* Resources */,
				F179168E582F97445A9862F5 /* [CP] Embed Pods Frameworks */,
			);
			buildRules = (
			);
			dependencies = (
			);
			name = MiniWordle;
			productName = MiniWordle;
			productReference = E2F051EE2866EBEF00561D8A /* MiniWordle.app */;
			productType = "com.apple.product-type.application";
		};
/* End PBXNativeTarget section */

/* Begin PBXProject section */
		E2F051E62866EBEF00561D8A /* Project object */ = {
			isa = PBXProject;
			attributes = {
				BuildIndependentTargetsInParallel = 1;
				LastSwiftUpdateCheck = 1300;
				LastUpgradeCheck = 1300;
				TargetAttributes = {
					E2F051ED2866EBEF00561D8A = {
						CreatedOnToolsVersion = 13.0;
					};
				};
			};
			buildConfigurationList = E2F051E92866EBEF00561D8A /* Build configuration list for PBXProject "MiniWordle" */;
			compatibilityVersion = "Xcode 13.0";
			developmentRegion = en;
			hasScannedForEncodings = 0;
			knownRegions = (
				en,
				Base,
			);
			mainGroup = E2F051E52866EBEF00561D8A;
			productRefGroup = E2F051EF2866EBEF00561D8A /* Products */;
			projectDirPath = "";
			projectRoot = "";
			targets = (
				E2F051ED2866EBEF00561D8A /* MiniWordle */,
			);
		};
/* End PBXProject section */

/* Begin PBXResourcesBuildPhase section */
		E2F051EC2866EBEF00561D8A /* Resources */ = {
			isa = PBXResourcesBuildPhase;
			buildActionMask = 2147483647;
			files = (
				E2F051FE2866EBF100561D8A /* LaunchScreen.storyboard in Resources */,
				E2F051FB2866EBF100561D8A /* Assets.xcassets in Resources */,
			);
			runOnlyForDeploymentPostprocessing = 0;
		};
/* End PBXResourcesBuildPhase section */

/* Begin PBXShellScriptBuildPhase section */
		9E1B55BCF1B3F215211102E4 /* [CP] Check Pods Manifest.lock */ = {
			isa = PBXShellScriptBuildPhase;
			buildActionMask = 2147483647;
			files = (
			);
			inputFileListPaths = (
			);
			inputPaths = (
				"${PODS_PODFILE_DIR_PATH}/Podfile.lock",
				"${PODS_ROOT}/Manifest.lock",
			);
			name = "[CP] Check Pods Manifest.lock";
			outputFileListPaths = (
			);
			outputPaths = (
				"$(DERIVED_FILE_DIR)/Pods-MiniWordle-checkManifestLockResult.txt",
			);
			runOnlyForDeploymentPostprocessing = 0;
			shellPath = /bin/sh;
			shellScript = "diff \"${PODS_PODFILE_DIR_PATH}/Podfile.lock\" \"${PODS_ROOT}/Manifest.lock\" > /dev/null\nif [ $? != 0 ] ; then\n    # print error to STDERR\n    echo \"error: The sandbox is not in sync with the Podfile.lock. Run 'pod install' or update your CocoaPods installation.\" >&2\n    exit 1\nfi\n# This output is used by Xcode 'outputs' to avoid re-running this script phase.\necho \"SUCCESS\" > \"${SCRIPT_OUTPUT_FILE_0}\"\n";
			showEnvVarsInLog = 0;
		};
		F179168E582F97445A9862F5 /* [CP] Embed Pods Frameworks */ = {
			isa = PBXShellScriptBuildPhase;
			buildActionMask = 2147483647;
			files = (
			);
			inputFileListPaths = (
				"${PODS_ROOT}/Target Support Files/Pods-MiniWordle/Pods-MiniWordle-frameworks-${CONFIGURATION}-input-files.xcfilelist",
			);
			name = "[CP] Embed Pods Frameworks";
			outputFileListPaths = (
				"${PODS_ROOT}/Target Support Files/Pods-MiniWordle/Pods-MiniWordle-frameworks-${CONFIGURATION}-output-files.xcfilelist",
			);
			runOnlyForDeploymentPostprocessing = 0;
			shellPath = /bin/sh;
			shellScript = "\"${PODS_ROOT}/Target Support Files/Pods-MiniWordle/Pods-MiniWordle-frameworks.sh\"\n";
			showEnvVarsInLog = 0;
		};
/* End PBXShellScriptBuildPhase section */

/* Begin PBXSourcesBuildPhase section */
		E2F051EA2866EBEF00561D8A /* Sources */ = {
			isa = PBXSourcesBuildPhase;
			buildActionMask = 2147483647;
			files = (
				E2EB4F4B28682935007FA5E6 /* MultiWordleInputView.swift in Sources */,
				E2F051F22866EBEF00561D8A /* AppDelegate.swift in Sources */,
				E21652F82869990500DEE64F /* WordleRestUtility.swift in Sources */,
				E2A4B88B2868767D0028938E /* UIStackView+Extensions.swift in Sources */,
				E21652F42869955100DEE64F /* NetworkManager.swift in Sources */,
				E2F0520F2866EDD800561D8A /* HomeViewModel.swift in Sources */,
				E2EC2AFE286954C200025C18 /* WordleEnum.swift in Sources */,
				E21652F6286995B700DEE64F /* NetworkService.swift in Sources */,
				E2F0522A28670B0000561D8A /* WordleInputView.swift in Sources */,
				E2F0521C2866EF8B00561D8A /* UIViewController+Extensions.swift in Sources */,
				E21652F228698A9600DEE64F /* UIColor+Extensions.swift in Sources */,
				E2F052122866EE5F00561D8A /* Number+Extensions.swift in Sources */,
				E2F052262866F68000561D8A /* Utils.swift in Sources */,
				E2F0521E2866EFBD00561D8A /* UIApplication+Extensions.swift in Sources */,
				E21652FC2869A5E300DEE64F /* WordDefinitionModel.swift in Sources */,
				E2F0520B2866EDBE00561D8A /* HomeViewController.swift in Sources */,
				E21652FA28699BAF00DEE64F /* WordleResultModel.swift in Sources */,
			);
			runOnlyForDeploymentPostprocessing = 0;
		};
/* End PBXSourcesBuildPhase section */

/* Begin PBXVariantGroup section */
		E2F051FC2866EBF100561D8A /* LaunchScreen.storyboard */ = {
			isa = PBXVariantGroup;
			children = (
				E2F051FD2866EBF100561D8A /* Base */,
			);
			name = LaunchScreen.storyboard;
			sourceTree = "<group>";
		};
/* End PBXVariantGroup section */

/* Begin XCBuildConfiguration section */
		E2F052002866EBF100561D8A /* Debug */ = {
			isa = XCBuildConfiguration;
			buildSettings = {
				ALWAYS_SEARCH_USER_PATHS = NO;
				CLANG_ANALYZER_NONNULL = YES;
				CLANG_ANALYZER_NUMBER_OBJECT_CONVERSION = YES_AGGRESSIVE;
				CLANG_CXX_LANGUAGE_STANDARD = "gnu++17";
				CLANG_CXX_LIBRARY = "libc++";
				CLANG_ENABLE_MODULES = YES;
				CLANG_ENABLE_OBJC_ARC = YES;
				CLANG_ENABLE_OBJC_WEAK = YES;
				CLANG_WARN_BLOCK_CAPTURE_AUTORELEASING = YES;
				CLANG_WARN_BOOL_CONVERSION = YES;
				CLANG_WARN_COMMA = YES;
				CLANG_WARN_CONSTANT_CONVERSION = YES;
				CLANG_WARN_DEPRECATED_OBJC_IMPLEMENTATIONS = YES;
				CLANG_WARN_DIRECT_OBJC_ISA_USAGE = YES_ERROR;
				CLANG_WARN_DOCUMENTATION_COMMENTS = YES;
				CLANG_WARN_EMPTY_BODY = YES;
				CLANG_WARN_ENUM_CONVERSION = YES;
				CLANG_WARN_INFINITE_RECURSION = YES;
				CLANG_WARN_INT_CONVERSION = YES;
				CLANG_WARN_NON_LITERAL_NULL_CONVERSION = YES;
				CLANG_WARN_OBJC_IMPLICIT_RETAIN_SELF = YES;
				CLANG_WARN_OBJC_LITERAL_CONVERSION = YES;
				CLANG_WARN_OBJC_ROOT_CLASS = YES_ERROR;
				CLANG_WARN_QUOTED_INCLUDE_IN_FRAMEWORK_HEADER = YES;
				CLANG_WARN_RANGE_LOOP_ANALYSIS = YES;
				CLANG_WARN_STRICT_PROTOTYPES = YES;
				CLANG_WARN_SUSPICIOUS_MOVE = YES;
				CLANG_WARN_UNGUARDED_AVAILABILITY = YES_AGGRESSIVE;
				CLANG_WARN_UNREACHABLE_CODE = YES;
				CLANG_WARN__DUPLICATE_METHOD_MATCH = YES;
				COPY_PHASE_STRIP = NO;
				DEBUG_INFORMATION_FORMAT = dwarf;
				ENABLE_STRICT_OBJC_MSGSEND = YES;
				ENABLE_TESTABILITY = YES;
				GCC_C_LANGUAGE_STANDARD = gnu11;
				GCC_DYNAMIC_NO_PIC = NO;
				GCC_NO_COMMON_BLOCKS = YES;
				GCC_OPTIMIZATION_LEVEL = 0;
				GCC_PREPROCESSOR_DEFINITIONS = (
					"DEBUG=1",
					"$(inherited)",
				);
				GCC_WARN_64_TO_32_BIT_CONVERSION = YES;
				GCC_WARN_ABOUT_RETURN_TYPE = YES_ERROR;
				GCC_WARN_UNDECLARED_SELECTOR = YES;
				GCC_WARN_UNINITIALIZED_AUTOS = YES_AGGRESSIVE;
				GCC_WARN_UNUSED_FUNCTION = YES;
				GCC_WARN_UNUSED_VARIABLE = YES;
				IPHONEOS_DEPLOYMENT_TARGET = 14.0;
				MTL_ENABLE_DEBUG_INFO = INCLUDE_SOURCE;
				MTL_FAST_MATH = YES;
				ONLY_ACTIVE_ARCH = YES;
				SDKROOT = iphoneos;
				SWIFT_ACTIVE_COMPILATION_CONDITIONS = DEBUG;
				SWIFT_OPTIMIZATION_LEVEL = "-Onone";
			};
			name = Debug;
		};
		E2F052012866EBF100561D8A /* Release */ = {
			isa = XCBuildConfiguration;
			buildSettings = {
				ALWAYS_SEARCH_USER_PATHS = NO;
				CLANG_ANALYZER_NONNULL = YES;
				CLANG_ANALYZER_NUMBER_OBJECT_CONVERSION = YES_AGGRESSIVE;
				CLANG_CXX_LANGUAGE_STANDARD = "gnu++17";
				CLANG_CXX_LIBRARY = "libc++";
				CLANG_ENABLE_MODULES = YES;
				CLANG_ENABLE_OBJC_ARC = YES;
				CLANG_ENABLE_OBJC_WEAK = YES;
				CLANG_WARN_BLOCK_CAPTURE_AUTORELEASING = YES;
				CLANG_WARN_BOOL_CONVERSION = YES;
				CLANG_WARN_COMMA = YES;
				CLANG_WARN_CONSTANT_CONVERSION = YES;
				CLANG_WARN_DEPRECATED_OBJC_IMPLEMENTATIONS = YES;
				CLANG_WARN_DIRECT_OBJC_ISA_USAGE = YES_ERROR;
				CLANG_WARN_DOCUMENTATION_COMMENTS = YES;
				CLANG_WARN_EMPTY_BODY = YES;
				CLANG_WARN_ENUM_CONVERSION = YES;
				CLANG_WARN_INFINITE_RECURSION = YES;
				CLANG_WARN_INT_CONVERSION = YES;
				CLANG_WARN_NON_LITERAL_NULL_CONVERSION = YES;
				CLANG_WARN_OBJC_IMPLICIT_RETAIN_SELF = YES;
				CLANG_WARN_OBJC_LITERAL_CONVERSION = YES;
				CLANG_WARN_OBJC_ROOT_CLASS = YES_ERROR;
				CLANG_WARN_QUOTED_INCLUDE_IN_FRAMEWORK_HEADER = YES;
				CLANG_WARN_RANGE_LOOP_ANALYSIS = YES;
				CLANG_WARN_STRICT_PROTOTYPES = YES;
				CLANG_WARN_SUSPICIOUS_MOVE = YES;
				CLANG_WARN_UNGUARDED_AVAILABILITY = YES_AGGRESSIVE;
				CLANG_WARN_UNREACHABLE_CODE = YES;
				CLANG_WARN__DUPLICATE_METHOD_MATCH = YES;
				COPY_PHASE_STRIP = NO;
				DEBUG_INFORMATION_FORMAT = "dwarf-with-dsym";
				ENABLE_NS_ASSERTIONS = NO;
				ENABLE_STRICT_OBJC_MSGSEND = YES;
				GCC_C_LANGUAGE_STANDARD = gnu11;
				GCC_NO_COMMON_BLOCKS = YES;
				GCC_WARN_64_TO_32_BIT_CONVERSION = YES;
				GCC_WARN_ABOUT_RETURN_TYPE = YES_ERROR;
				GCC_WARN_UNDECLARED_SELECTOR = YES;
				GCC_WARN_UNINITIALIZED_AUTOS = YES_AGGRESSIVE;
				GCC_WARN_UNUSED_FUNCTION = YES;
				GCC_WARN_UNUSED_VARIABLE = YES;
				IPHONEOS_DEPLOYMENT_TARGET = 14.0;
				MTL_ENABLE_DEBUG_INFO = NO;
				MTL_FAST_MATH = YES;
				SDKROOT = iphoneos;
				SWIFT_COMPILATION_MODE = wholemodule;
				SWIFT_OPTIMIZATION_LEVEL = "-O";
				VALIDATE_PRODUCT = YES;
			};
			name = Release;
		};
		E2F052032866EBF100561D8A /* Debug */ = {
			isa = XCBuildConfiguration;
			baseConfigurationReference = F87F2C8E628C61A415E15A7C /* Pods-MiniWordle.debug.xcconfig */;
			buildSettings = {
				ASSETCATALOG_COMPILER_APPICON_NAME = AppIcon;
				ASSETCATALOG_COMPILER_GLOBAL_ACCENT_COLOR_NAME = AccentColor;
				CODE_SIGN_STYLE = Automatic;
				CURRENT_PROJECT_VERSION = 1;
				DEVELOPMENT_TEAM = VPSXKYA9Q2;
				GENERATE_INFOPLIST_FILE = YES;
				INFOPLIST_FILE = MiniWordle/Info.plist;
				INFOPLIST_KEY_CFBundleDisplayName = "Mini Wordle";
				INFOPLIST_KEY_UIApplicationSupportsIndirectInputEvents = YES;
				INFOPLIST_KEY_UILaunchStoryboardName = LaunchScreen;
				INFOPLIST_KEY_UISupportedInterfaceOrientations_iPad = "UIInterfaceOrientationPortrait UIInterfaceOrientationPortraitUpsideDown UIInterfaceOrientationLandscapeLeft UIInterfaceOrientationLandscapeRight";
				INFOPLIST_KEY_UISupportedInterfaceOrientations_iPhone = "UIInterfaceOrientationPortrait UIInterfaceOrientationLandscapeLeft UIInterfaceOrientationLandscapeRight";
				IPHONEOS_DEPLOYMENT_TARGET = 14.0;
				LD_RUNPATH_SEARCH_PATHS = (
					"$(inherited)",
					"@executable_path/Frameworks",
				);
				MARKETING_VERSION = 1.0;
				PRODUCT_BUNDLE_IDENTIFIER = WordleGroup.MiniWordle;
				PRODUCT_NAME = "$(TARGET_NAME)";
				SWIFT_EMIT_LOC_STRINGS = YES;
				SWIFT_VERSION = 5.0;
				TARGETED_DEVICE_FAMILY = "1,2";
			};
			name = Debug;
		};
		E2F052042866EBF100561D8A /* Release */ = {
			isa = XCBuildConfiguration;
			baseConfigurationReference = D79A7FD85A57BDEB31BCF8D7 /* Pods-MiniWordle.release.xcconfig */;
			buildSettings = {
				ASSETCATALOG_COMPILER_APPICON_NAME = AppIcon;
				ASSETCATALOG_COMPILER_GLOBAL_ACCENT_COLOR_NAME = AccentColor;
				CODE_SIGN_STYLE = Automatic;
				CURRENT_PROJECT_VERSION = 1;
				DEVELOPMENT_TEAM = VPSXKYA9Q2;
				GENERATE_INFOPLIST_FILE = YES;
				INFOPLIST_FILE = MiniWordle/Info.plist;
				INFOPLIST_KEY_CFBundleDisplayName = "Mini Wordle";
				INFOPLIST_KEY_UIApplicationSupportsIndirectInputEvents = YES;
				INFOPLIST_KEY_UILaunchStoryboardName = LaunchScreen;
				INFOPLIST_KEY_UISupportedInterfaceOrientations_iPad = "UIInterfaceOrientationPortrait UIInterfaceOrientationPortraitUpsideDown UIInterfaceOrientationLandscapeLeft UIInterfaceOrientationLandscapeRight";
				INFOPLIST_KEY_UISupportedInterfaceOrientations_iPhone = "UIInterfaceOrientationPortrait UIInterfaceOrientationLandscapeLeft UIInterfaceOrientationLandscapeRight";
				IPHONEOS_DEPLOYMENT_TARGET = 14.0;
				LD_RUNPATH_SEARCH_PATHS = (
					"$(inherited)",
					"@executable_path/Frameworks",
				);
				MARKETING_VERSION = 1.0;
				PRODUCT_BUNDLE_IDENTIFIER = WordleGroup.MiniWordle;
				PRODUCT_NAME = "$(TARGET_NAME)";
				SWIFT_EMIT_LOC_STRINGS = YES;
				SWIFT_VERSION = 5.0;
				TARGETED_DEVICE_FAMILY = "1,2";
			};
			name = Release;
		};
/* End XCBuildConfiguration section */

/* Begin XCConfigurationList section */
		E2F051E92866EBEF00561D8A /* Build configuration list for PBXProject "MiniWordle" */ = {
			isa = XCConfigurationList;
			buildConfigurations = (
				E2F052002866EBF100561D8A /* Debug */,
				E2F052012866EBF100561D8A /* Release */,
			);
			defaultConfigurationIsVisible = 0;
			defaultConfigurationName = Release;
		};
		E2F052022866EBF100561D8A /* Build configuration list for PBXNativeTarget "MiniWordle" */ = {
			isa = XCConfigurationList;
			buildConfigurations = (
				E2F052032866EBF100561D8A /* Debug */,
				E2F052042866EBF100561D8A /* Release */,
			);
			defaultConfigurationIsVisible = 0;
			defaultConfigurationName = Release;
		};
/* End XCConfigurationList section */
	};
	rootObject = E2F051E62866EBEF00561D8A /* Project object */;
}
